
Microsoft Visual Studio Solution File, Format Version 12.00
# Visual Studio Version 17
VisualStudioVersion = 17.10.34707.107
MinimumVisualStudioVersion = 10.0.40219.1
Project("{FAE04EC0-301F-11D3-BF4B-00C04F79EFBC}") = "WebApi", "WebApi\WebApi.csproj", "{2BA3F7C0-BD81-45F7-A2EA-758BEF8C752F}"
EndProject
Project("{FAE04EC0-301F-11D3-BF4B-00C04F79EFBC}") = "Persistence", "Persistence\Persistence.csproj", "{B1EC6062-D07F-4023-999C-90459423E3E8}"
EndProject
Project("{FAE04EC0-301F-11D3-BF4B-00C04F79EFBC}") = "Domain", "Domain\Domain.csproj", "{1DAC9F0F-1369-4233-AF74-F22AEB06DA36}"
EndProject
Project("{FAE04EC0-301F-11D3-BF4B-00C04F79EFBC}") = "Application", "Application\Application.csproj", "{D22E4726-3FE4-4DC5-9612-A80C2C98BDB0}"
EndProject
Project("{FAE04EC0-301F-11D3-BF4B-00C04F79EFBC}") = "Infrastructure", "Infrastructure\Infrastructure.csproj", "{08055E2B-59F1-4B53-9A66-46548806AA14}"
EndProject
Global
	GlobalSection(SolutionConfigurationPlatforms) = preSolution
		Debug|Any CPU = Debug|Any CPU
		Release|Any CPU = Release|Any CPU
	EndGlobalSection
	GlobalSection(ProjectConfigurationPlatforms) = postSolution
		{2BA3F7C0-BD81-45F7-A2EA-758BEF8C752F}.Debug|Any CPU.ActiveCfg = Debug|Any CPU
		{2BA3F7C0-BD81-45F7-A2EA-758BEF8C752F}.Debug|Any CPU.Build.0 = Debug|Any CPU
		{2BA3F7C0-BD81-45F7-A2EA-758BEF8C752F}.Release|Any CPU.ActiveCfg = Release|Any CPU
		{2BA3F7C0-BD81-45F7-A2EA-758BEF8C752F}.Release|Any CPU.Build.0 = Release|Any CPU
		{B1EC6062-D07F-4023-999C-90459423E3E8}.Debug|Any CPU.ActiveCfg = Debug|Any CPU
		{B1EC6062-D07F-4023-999C-90459423E3E8}.Debug|Any CPU.Build.0 = Debug|Any CPU
		{B1EC6062-D07F-4023-999C-90459423E3E8}.Release|Any CPU.ActiveCfg = Release|Any CPU
		{B1EC6062-D07F-4023-999C-90459423E3E8}.Release|Any CPU.Build.0 = Release|Any CPU
		{1DAC9F0F-1369-4233-AF74-F22AEB06DA36}.Debug|Any CPU.ActiveCfg = Debug|Any CPU
		{1DAC9F0F-1369-4233-AF74-F22AEB06DA36}.Debug|Any CPU.Build.0 = Debug|Any CPU
		{1DAC9F0F-1369-4233-AF74-F22AEB06DA36}.Release|Any CPU.ActiveCfg = Release|Any CPU
		{1DAC9F0F-1369-4233-AF74-F22AEB06DA36}.Release|Any CPU.Build.0 = Release|Any CPU
		{D22E4726-3FE4-4DC5-9612-A80C2C98BDB0}.Debug|Any CPU.ActiveCfg = Debug|Any CPU
		{D22E4726-3FE4-4DC5-9612-A80C2C98BDB0}.Debug|Any CPU.Build.0 = Debug|Any CPU
		{D22E4726-3FE4-4DC5-9612-A80C2C98BDB0}.Release|Any CPU.ActiveCfg = Release|Any CPU
		{D22E4726-3FE4-4DC5-9612-A80C2C98BDB0}.Release|Any CPU.Build.0 = Release|Any CPU
		{08055E2B-59F1-4B53-9A66-46548806AA14}.Debug|Any CPU.ActiveCfg = Debug|Any CPU
		{08055E2B-59F1-4B53-9A66-46548806AA14}.Debug|Any CPU.Build.0 = Debug|Any CPU
		{08055E2B-59F1-4B53-9A66-46548806AA14}.Release|Any CPU.ActiveCfg = Release|Any CPU
		{08055E2B-59F1-4B53-9A66-46548806AA14}.Release|Any CPU.Build.0 = Release|Any CPU
	EndGlobalSection
	GlobalSection(SolutionProperties) = preSolution
		HideSolutionNode = FALSE
	EndGlobalSection
	GlobalSection(ExtensibilityGlobals) = postSolution
		SolutionGuid = {5C1BDF02-870F-4D4F-B2E1-70751E4A8137}
	EndGlobalSection
EndGlobal
